
Microsoft Visual Studio Solution File, Format Version 12.00
# Visual Studio 14
VisualStudioVersion = 14.0.25420.1
MinimumVisualStudioVersion = 10.0.40219.1
Project("{FAE04EC0-301F-11D3-BF4B-00C04F79EFBC}") = "Turgo.Common", "Turgo.Common\Turgo.Common.csproj", "{34015C4B-2771-403C-8A52-70479AB6D2E9}"
EndProject
Project("{FAE04EC0-301F-11D3-BF4B-00C04F79EFBC}") = "DevelopAplication", "DevelopAplication\DevelopAplication.csproj", "{D0269EE7-D8FC-42E5-9043-CE8B3B125ADD}"
EndProject
Project("{FAE04EC0-301F-11D3-BF4B-00C04F79EFBC}") = "Sramek.FX", "Sramek.FX\Sramek.FX.csproj", "{053C3352-B120-4450-8DA4-0A2E8EB557C9}"
EndProject
Project("{FAE04EC0-301F-11D3-BF4B-00C04F79EFBC}") = "Turgo.Test", "Turgo.Test\Turgo.Test.csproj", "{00DDFCBB-0A87-4220-BD73-368D72D5EC1D}"
EndProject
Project("{FAE04EC0-301F-11D3-BF4B-00C04F79EFBC}") = "Turgo", "Turgo\Turgo.csproj", "{3A992254-4C24-4B06-9D13-0478D5C6D2B5}"
EndProject
Project("{6141683F-8A12-4E36-9623-2EB02B2C2303}") = "Setup", "Setup\Setup.isproj", "{FA9CD3E3-F9A4-4847-845F-D7BC11BB35B6}"
	ProjectSection(ProjectDependencies) = postProject
		{34015C4B-2771-403C-8A52-70479AB6D2E9} = {34015C4B-2771-403C-8A52-70479AB6D2E9}
		{053C3352-B120-4450-8DA4-0A2E8EB557C9} = {053C3352-B120-4450-8DA4-0A2E8EB557C9}
	EndProjectSection
EndProject
Global
	GlobalSection(SolutionConfigurationPlatforms) = preSolution
		CD_ROM|Any CPU = CD_ROM|Any CPU
		Debug|Any CPU = Debug|Any CPU
		DVD-5|Any CPU = DVD-5|Any CPU
		Release|Any CPU = Release|Any CPU
		SingleImage|Any CPU = SingleImage|Any CPU
	EndGlobalSection
	GlobalSection(ProjectConfigurationPlatforms) = postSolution
		{34015C4B-2771-403C-8A52-70479AB6D2E9}.CD_ROM|Any CPU.ActiveCfg = Release|Any CPU
		{34015C4B-2771-403C-8A52-70479AB6D2E9}.CD_ROM|Any CPU.Build.0 = Release|Any CPU
		{34015C4B-2771-403C-8A52-70479AB6D2E9}.Debug|Any CPU.ActiveCfg = Debug|Any CPU
		{34015C4B-2771-403C-8A52-70479AB6D2E9}.Debug|Any CPU.Build.0 = Debug|Any CPU
		{34015C4B-2771-403C-8A52-70479AB6D2E9}.DVD-5|Any CPU.ActiveCfg = Debug|Any CPU
		{34015C4B-2771-403C-8A52-70479AB6D2E9}.DVD-5|Any CPU.Build.0 = Debug|Any CPU
		{34015C4B-2771-403C-8A52-70479AB6D2E9}.Release|Any CPU.ActiveCfg = Release|Any CPU
		{34015C4B-2771-403C-8A52-70479AB6D2E9}.Release|Any CPU.Build.0 = Release|Any CPU
		{34015C4B-2771-403C-8A52-70479AB6D2E9}.SingleImage|Any CPU.ActiveCfg = Release|Any CPU
		{34015C4B-2771-403C-8A52-70479AB6D2E9}.SingleImage|Any CPU.Build.0 = Release|Any CPU
		{D0269EE7-D8FC-42E5-9043-CE8B3B125ADD}.CD_ROM|Any CPU.ActiveCfg = Release|Any CPU
		{D0269EE7-D8FC-42E5-9043-CE8B3B125ADD}.CD_ROM|Any CPU.Build.0 = Release|Any CPU
		{D0269EE7-D8FC-42E5-9043-CE8B3B125ADD}.Debug|Any CPU.ActiveCfg = Debug|Any CPU
		{D0269EE7-D8FC-42E5-9043-CE8B3B125ADD}.Debug|Any CPU.Build.0 = Debug|Any CPU
		{D0269EE7-D8FC-42E5-9043-CE8B3B125ADD}.DVD-5|Any CPU.ActiveCfg = Debug|Any CPU
		{D0269EE7-D8FC-42E5-9043-CE8B3B125ADD}.DVD-5|Any CPU.Build.0 = Debug|Any CPU
		{D0269EE7-D8FC-42E5-9043-CE8B3B125ADD}.Release|Any CPU.ActiveCfg = Release|Any CPU
		{D0269EE7-D8FC-42E5-9043-CE8B3B125ADD}.Release|Any CPU.Build.0 = Release|Any CPU
		{D0269EE7-D8FC-42E5-9043-CE8B3B125ADD}.SingleImage|Any CPU.ActiveCfg = Release|Any CPU
		{D0269EE7-D8FC-42E5-9043-CE8B3B125ADD}.SingleImage|Any CPU.Build.0 = Release|Any CPU
		{053C3352-B120-4450-8DA4-0A2E8EB557C9}.CD_ROM|Any CPU.ActiveCfg = Release|Any CPU
		{053C3352-B120-4450-8DA4-0A2E8EB557C9}.CD_ROM|Any CPU.Build.0 = Release|Any CPU
		{053C3352-B120-4450-8DA4-0A2E8EB557C9}.Debug|Any CPU.ActiveCfg = Debug|Any CPU
		{053C3352-B120-4450-8DA4-0A2E8EB557C9}.Debug|Any CPU.Build.0 = Debug|Any CPU
		{053C3352-B120-4450-8DA4-0A2E8EB557C9}.DVD-5|Any CPU.ActiveCfg = Debug|Any CPU
		{053C3352-B120-4450-8DA4-0A2E8EB557C9}.DVD-5|Any CPU.Build.0 = Debug|Any CPU
		{053C3352-B120-4450-8DA4-0A2E8EB557C9}.Release|Any CPU.ActiveCfg = Release|Any CPU
		{053C3352-B120-4450-8DA4-0A2E8EB557C9}.Release|Any CPU.Build.0 = Release|Any CPU
		{053C3352-B120-4450-8DA4-0A2E8EB557C9}.SingleImage|Any CPU.ActiveCfg = Release|Any CPU
		{053C3352-B120-4450-8DA4-0A2E8EB557C9}.SingleImage|Any CPU.Build.0 = Release|Any CPU
		{00DDFCBB-0A87-4220-BD73-368D72D5EC1D}.CD_ROM|Any CPU.ActiveCfg = Release|Any CPU
		{00DDFCBB-0A87-4220-BD73-368D72D5EC1D}.CD_ROM|Any CPU.Build.0 = Release|Any CPU
		{00DDFCBB-0A87-4220-BD73-368D72D5EC1D}.Debug|Any CPU.ActiveCfg = Debug|Any CPU
		{00DDFCBB-0A87-4220-BD73-368D72D5EC1D}.Debug|Any CPU.Build.0 = Debug|Any CPU
		{00DDFCBB-0A87-4220-BD73-368D72D5EC1D}.DVD-5|Any CPU.ActiveCfg = Debug|Any CPU
		{00DDFCBB-0A87-4220-BD73-368D72D5EC1D}.DVD-5|Any CPU.Build.0 = Debug|Any CPU
		{00DDFCBB-0A87-4220-BD73-368D72D5EC1D}.Release|Any CPU.ActiveCfg = Release|Any CPU
		{00DDFCBB-0A87-4220-BD73-368D72D5EC1D}.Release|Any CPU.Build.0 = Release|Any CPU
		{00DDFCBB-0A87-4220-BD73-368D72D5EC1D}.SingleImage|Any CPU.ActiveCfg = Release|Any CPU
		{00DDFCBB-0A87-4220-BD73-368D72D5EC1D}.SingleImage|Any CPU.Build.0 = Release|Any CPU
		{3A992254-4C24-4B06-9D13-0478D5C6D2B5}.CD_ROM|Any CPU.ActiveCfg = Release|Any CPU
		{3A992254-4C24-4B06-9D13-0478D5C6D2B5}.CD_ROM|Any CPU.Build.0 = Release|Any CPU
		{3A992254-4C24-4B06-9D13-0478D5C6D2B5}.Debug|Any CPU.ActiveCfg = Debug|Any CPU
		{3A992254-4C24-4B06-9D13-0478D5C6D2B5}.Debug|Any CPU.Build.0 = Debug|Any CPU
		{3A992254-4C24-4B06-9D13-0478D5C6D2B5}.DVD-5|Any CPU.ActiveCfg = Debug|Any CPU
		{3A992254-4C24-4B06-9D13-0478D5C6D2B5}.DVD-5|Any CPU.Build.0 = Debug|Any CPU
		{3A992254-4C24-4B06-9D13-0478D5C6D2B5}.Release|Any CPU.ActiveCfg = Release|Any CPU
		{3A992254-4C24-4B06-9D13-0478D5C6D2B5}.Release|Any CPU.Build.0 = Release|Any CPU
		{3A992254-4C24-4B06-9D13-0478D5C6D2B5}.SingleImage|Any CPU.ActiveCfg = Release|Any CPU
		{3A992254-4C24-4B06-9D13-0478D5C6D2B5}.SingleImage|Any CPU.Build.0 = Release|Any CPU
		{FA9CD3E3-F9A4-4847-845F-D7BC11BB35B6}.CD_ROM|Any CPU.ActiveCfg = CD_ROM
		{FA9CD3E3-F9A4-4847-845F-D7BC11BB35B6}.CD_ROM|Any CPU.Build.0 = CD_ROM
		{FA9CD3E3-F9A4-4847-845F-D7BC11BB35B6}.Debug|Any CPU.ActiveCfg = DVD-5
		{FA9CD3E3-F9A4-4847-845F-D7BC11BB35B6}.Debug|Any CPU.Build.0 = DVD-5
		{FA9CD3E3-F9A4-4847-845F-D7BC11BB35B6}.DVD-5|Any CPU.ActiveCfg = DVD-5
		{FA9CD3E3-F9A4-4847-845F-D7BC11BB35B6}.DVD-5|Any CPU.Build.0 = DVD-5
		{FA9CD3E3-F9A4-4847-845F-D7BC11BB35B6}.Release|Any CPU.ActiveCfg = SingleImage
		{FA9CD3E3-F9A4-4847-845F-D7BC11BB35B6}.Release|Any CPU.Build.0 = SingleImage
		{FA9CD3E3-F9A4-4847-845F-D7BC11BB35B6}.SingleImage|Any CPU.ActiveCfg = SingleImage
		{FA9CD3E3-F9A4-4847-845F-D7BC11BB35B6}.SingleImage|Any CPU.Build.0 = SingleImage
	EndGlobalSection
	GlobalSection(SolutionProperties) = preSolution
		HideSolutionNode = FALSE
	EndGlobalSection
EndGlobal
